
Microsoft Visual Studio Solution File, Format Version 12.00
# Visual Studio Version 17
VisualStudioVersion = 17.3.32819.101
MinimumVisualStudioVersion = 10.0.40219.1
Project("{FAE04EC0-301F-11D3-BF4B-00C04F79EFBC}") = "Hw10", "Hw10\Hw10.csproj", "{A0735EE5-876C-44F7-9832-88A36C2FB7DF}"
EndProject
Global
	GlobalSection(SolutionConfigurationPlatforms) = preSolution
		Debug|Any CPU = Debug|Any CPU
		Release|Any CPU = Release|Any CPU
	EndGlobalSection
	GlobalSection(ProjectConfigurationPlatforms) = postSolution
		{A0735EE5-876C-44F7-9832-88A36C2FB7DF}.Debug|Any CPU.ActiveCfg = Debug|Any CPU
		{A0735EE5-876C-44F7-9832-88A36C2FB7DF}.Debug|Any CPU.Build.0 = Debug|Any CPU
		{A0735EE5-876C-44F7-9832-88A36C2FB7DF}.Release|Any CPU.ActiveCfg = Release|Any CPU
		{A0735EE5-876C-44F7-9832-88A36C2FB7DF}.Release|Any CPU.Build.0 = Release|Any CPU
	EndGlobalSection
	GlobalSection(SolutionProperties) = preSolution
		HideSolutionNode = FALSE
	EndGlobalSection
	GlobalSection(ExtensibilityGlobals) = postSolution
		SolutionGuid = {14633EF3-83F7-4213-B6AA-996A4EC48A71}
	EndGlobalSection
EndGlobal
